
Microsoft Visual Studio Solution File, Format Version 12.00
# Visual Studio 14
VisualStudioVersion = 14.0.25420.1
MinimumVisualStudioVersion = 10.0.40219.1
Project("{8BC9CEB8-8B4A-11D0-8D11-00A0C91BC942}") = "gs_laboratory_work_2", "gs_laboratory_work_2\gs_laboratory_work_2.vcxproj", "{D4F87720-CF60-40A9-B210-C1F57CF87F37}"
EndProject
Project("{8BC9CEB8-8B4A-11D0-8D11-00A0C91BC942}") = "simpleGL", "C:\ProgramData\NVIDIA Corporation\CUDA Samples\v8.0\2_Graphics\simpleGL\simpleGL_vs2015.vcxproj", "{997E0757-EA74-4A4E-A0FC-47D8C8831A15}"
EndProject
Global
	GlobalSection(SolutionConfigurationPlatforms) = preSolution
		Debug|x64 = Debug|x64
		Debug|x86 = Debug|x86
		Release|x64 = Release|x64
		Release|x86 = Release|x86
	EndGlobalSection
	GlobalSection(ProjectConfigurationPlatforms) = postSolution
		{D4F87720-CF60-40A9-B210-C1F57CF87F37}.Debug|x64.ActiveCfg = Debug|x64
		{D4F87720-CF60-40A9-B210-C1F57CF87F37}.Debug|x64.Build.0 = Debug|x64
		{D4F87720-CF60-40A9-B210-C1F57CF87F37}.Debug|x86.ActiveCfg = Debug|Win32
		{D4F87720-CF60-40A9-B210-C1F57CF87F37}.Debug|x86.Build.0 = Debug|Win32
		{D4F87720-CF60-40A9-B210-C1F57CF87F37}.Release|x64.ActiveCfg = Release|x64
		{D4F87720-CF60-40A9-B210-C1F57CF87F37}.Release|x64.Build.0 = Release|x64
		{D4F87720-CF60-40A9-B210-C1F57CF87F37}.Release|x86.ActiveCfg = Release|Win32
		{D4F87720-CF60-40A9-B210-C1F57CF87F37}.Release|x86.Build.0 = Release|Win32
		{997E0757-EA74-4A4E-A0FC-47D8C8831A15}.Debug|x64.ActiveCfg = Debug|x64
		{997E0757-EA74-4A4E-A0FC-47D8C8831A15}.Debug|x64.Build.0 = Debug|x64
		{997E0757-EA74-4A4E-A0FC-47D8C8831A15}.Debug|x86.ActiveCfg = Debug|x64
		{997E0757-EA74-4A4E-A0FC-47D8C8831A15}.Release|x64.ActiveCfg = Release|x64
		{997E0757-EA74-4A4E-A0FC-47D8C8831A15}.Release|x64.Build.0 = Release|x64
		{997E0757-EA74-4A4E-A0FC-47D8C8831A15}.Release|x86.ActiveCfg = Release|x64
	EndGlobalSection
	GlobalSection(SolutionProperties) = preSolution
		HideSolutionNode = FALSE
	EndGlobalSection
EndGlobal
